
Microsoft Visual Studio Solution File, Format Version 12.00
# Visual Studio Version 17
VisualStudioVersion = 17.1.32319.34
MinimumVisualStudioVersion = 10.0.40219.1
Project("{FAE04EC0-301F-11D3-BF4B-00C04F79EFBC}") = "FactoryMethod", "FactoryMethod\FactoryMethod.csproj", "{F1E2BFC5-1391-4053-A479-0D51FF74268A}"
EndProject
Project("{FAE04EC0-301F-11D3-BF4B-00C04F79EFBC}") = "Task", "Task\Task.csproj", "{135373C3-2C02-424D-A0F8-62C4DCA48568}"
EndProject
Project("{FAE04EC0-301F-11D3-BF4B-00C04F79EFBC}") = "Prototype", "Prototype\Prototype.csproj", "{4E2D1D72-F839-4B8C-8CFD-B042F430B8E7}"
EndProject
Global
	GlobalSection(SolutionConfigurationPlatforms) = preSolution
		Debug|Any CPU = Debug|Any CPU
		Release|Any CPU = Release|Any CPU
	EndGlobalSection
	GlobalSection(ProjectConfigurationPlatforms) = postSolution
		{F1E2BFC5-1391-4053-A479-0D51FF74268A}.Debug|Any CPU.ActiveCfg = Debug|Any CPU
		{F1E2BFC5-1391-4053-A479-0D51FF74268A}.Debug|Any CPU.Build.0 = Debug|Any CPU
		{F1E2BFC5-1391-4053-A479-0D51FF74268A}.Release|Any CPU.ActiveCfg = Release|Any CPU
		{F1E2BFC5-1391-4053-A479-0D51FF74268A}.Release|Any CPU.Build.0 = Release|Any CPU
		{135373C3-2C02-424D-A0F8-62C4DCA48568}.Debug|Any CPU.ActiveCfg = Debug|Any CPU
		{135373C3-2C02-424D-A0F8-62C4DCA48568}.Debug|Any CPU.Build.0 = Debug|Any CPU
		{135373C3-2C02-424D-A0F8-62C4DCA48568}.Release|Any CPU.ActiveCfg = Release|Any CPU
		{135373C3-2C02-424D-A0F8-62C4DCA48568}.Release|Any CPU.Build.0 = Release|Any CPU
		{4E2D1D72-F839-4B8C-8CFD-B042F430B8E7}.Debug|Any CPU.ActiveCfg = Debug|Any CPU
		{4E2D1D72-F839-4B8C-8CFD-B042F430B8E7}.Debug|Any CPU.Build.0 = Debug|Any CPU
		{4E2D1D72-F839-4B8C-8CFD-B042F430B8E7}.Release|Any CPU.ActiveCfg = Release|Any CPU
		{4E2D1D72-F839-4B8C-8CFD-B042F430B8E7}.Release|Any CPU.Build.0 = Release|Any CPU
	EndGlobalSection
	GlobalSection(SolutionProperties) = preSolution
		HideSolutionNode = FALSE
	EndGlobalSection
	GlobalSection(ExtensibilityGlobals) = postSolution
		SolutionGuid = {C107E6AF-69A5-4CDD-9777-515A67C3B408}
	EndGlobalSection
EndGlobal
